# This file was autogenerated by uv via the following command:
#    uv pip compile requirements-dev.txt --output-file requirements-dev.lock --python-version 3.11
anyio==4.13.0
    # via httpx
backports-tarfile==1.2.0
    # via jaraco-context
backports-zstd==1.5.0
    # via hatch
build==1.5.0
    # via check-manifest
cachetools==7.1.4
    # via tox
certifi==2026.5.20
    # via
    #   httpcore
    #   httpx
    #   requests
cffi==2.0.0
    # via cryptography
charset-normalizer==3.4.7
    # via requests
check-manifest==0.51
    # via -r requirements-dev.txt
click==8.4.1
    # via
    #   hatch
    #   userpath
codespell==2.4.2
    # via -r requirements-dev.txt
colorama==0.4.6
    # via tox
cryptography==48.0.0
    # via secretstorage
distlib==0.4.0
    # via virtualenv
docutils==0.23
    # via readme-renderer
filelock==3.29.0
    # via
    #   python-discovery
    #   tox
    #   virtualenv
h11==0.16.0
    # via httpcore
hatch==1.16.5
    # via -r requirements-dev.txt
hatch-fancy-pypi-readme==25.1.0
    # via -r requirements-dev.txt
hatchling==1.29.0
    # via
    #   hatch
    #   hatch-fancy-pypi-readme
httpcore==1.0.9
    # via httpx
httpx==0.28.1
    # via hatch
hyperlink==21.0.0
    # via hatch
id==1.6.1
    # via twine
idna==3.17
    # via
    #   anyio
    #   httpx
    #   hyperlink
    #   requests
importlib-metadata==9.0.0
    # via keyring
isort==8.0.1
    # via -r requirements-dev.txt
jaraco-classes==3.4.0
    # via keyring
jaraco-context==6.1.2
    # via keyring
jaraco-functools==4.5.0
    # via keyring
jeepney==0.9.0
    # via
    #   keyring
    #   secretstorage
jinja2==3.1.6
    # via pdoc
keyring==25.7.0
    # via
    #   hatch
    #   twine
markdown-it-py==4.2.0
    # via rich
markdown2==2.5.5
    # via pdoc
markupsafe==3.0.3
    # via
    #   jinja2
    #   pdoc
mdurl==0.1.2
    # via markdown-it-py
more-itertools==11.1.0
    # via
    #   jaraco-classes
    #   jaraco-functools
nh3==0.3.5
    # via readme-renderer
packaging==26.2
    # via
    #   build
    #   hatch
    #   hatchling
    #   pyproject-api
    #   tox
    #   twine
pathspec==1.1.1
    # via hatchling
pdoc==16.0.0
    # via -r requirements-dev.txt
pexpect==4.9.0
    # via hatch
platformdirs==4.10.0
    # via
    #   hatch
    #   python-discovery
    #   tox
    #   virtualenv
pluggy==1.6.0
    # via
    #   hatchling
    #   tox
ptyprocess==0.7.0
    # via pexpect
pycparser==3.0
    # via cffi
pygments==2.20.0
    # via
    #   pdoc
    #   readme-renderer
    #   rich
pyproject-api==1.10.1
    # via tox
pyproject-hooks==1.2.0
    # via
    #   build
    #   hatch
python-discovery==1.4.0
    # via
    #   hatch
    #   tox
    #   virtualenv
readme-renderer==44.0
    # via twine
requests==2.34.2
    # via
    #   requests-toolbelt
    #   twine
requests-toolbelt==1.0.0
    # via twine
rfc3986==2.0.0
    # via twine
rich==15.0.0
    # via
    #   hatch
    #   twine
ruff==0.15.15
    # via -r requirements-dev.txt
secretstorage==3.5.0
    # via keyring
setuptools==82.0.1
    # via check-manifest
shellingham==1.5.4
    # via hatch
tomli-w==1.2.0
    # via
    #   hatch
    #   tox
tomlkit==0.15.0
    # via hatch
tox==4.55.0
    # via -r requirements-dev.txt
trove-classifiers==2026.5.22.10
    # via hatchling
twine==6.2.0
    # via -r requirements-dev.txt
typing-extensions==4.15.0
    # via anyio
urllib3==2.7.0
    # via
    #   id
    #   requests
    #   twine
userpath==1.9.2
    # via hatch
uv==0.11.17
    # via hatch
virtualenv==21.4.1
    # via
    #   hatch
    #   tox
zipp==4.1.0
    # via importlib-metadata
